
Microsoft Visual Studio Solution File, Format Version 12.00
# Visual Studio Version 17
VisualStudioVersion = 17.3.32825.248
MinimumVisualStudioVersion = 10.0.40219.1
Project("{9A19103F-16F7-4668-BE54-9A1E7A4F7556}") = "SeyahatAcentasi", "SeyahatAcentasi\SeyahatAcentasi.csproj", "{09528C2E-2176-4C49-9829-FA006EE85DBA}"
EndProject
Project("{9A19103F-16F7-4668-BE54-9A1E7A4F7556}") = "EntityLayer", "EntityLayer\EntityLayer.csproj", "{7B1604D4-3524-491A-A5B9-E5D976ED3B3A}"
EndProject
Project("{9A19103F-16F7-4668-BE54-9A1E7A4F7556}") = "DataAccessLayer", "DataAccessLayer\DataAccessLayer.csproj", "{90EB0EDF-6280-4BA3-A80B-D584603278A4}"
EndProject
Project("{9A19103F-16F7-4668-BE54-9A1E7A4F7556}") = "BusinessLayer", "BusinessLayer\BusinessLayer.csproj", "{1B7B10D9-C48F-4F99-B83B-39B55E8A1F53}"
EndProject
Project("{FAE04EC0-301F-11D3-BF4B-00C04F79EFBC}") = "DTOLayer", "DTOLayer\DTOLayer.csproj", "{8AC58444-0338-46F1-83DE-F258BA4A16E3}"
EndProject
Global
	GlobalSection(SolutionConfigurationPlatforms) = preSolution
		Debug|Any CPU = Debug|Any CPU
		Release|Any CPU = Release|Any CPU
	EndGlobalSection
	GlobalSection(ProjectConfigurationPlatforms) = postSolution
		{09528C2E-2176-4C49-9829-FA006EE85DBA}.Debug|Any CPU.ActiveCfg = Debug|Any CPU
		{09528C2E-2176-4C49-9829-FA006EE85DBA}.Debug|Any CPU.Build.0 = Debug|Any CPU
		{09528C2E-2176-4C49-9829-FA006EE85DBA}.Release|Any CPU.ActiveCfg = Release|Any CPU
		{09528C2E-2176-4C49-9829-FA006EE85DBA}.Release|Any CPU.Build.0 = Release|Any CPU
		{7B1604D4-3524-491A-A5B9-E5D976ED3B3A}.Debug|Any CPU.ActiveCfg = Debug|Any CPU
		{7B1604D4-3524-491A-A5B9-E5D976ED3B3A}.Debug|Any CPU.Build.0 = Debug|Any CPU
		{7B1604D4-3524-491A-A5B9-E5D976ED3B3A}.Release|Any CPU.ActiveCfg = Release|Any CPU
		{7B1604D4-3524-491A-A5B9-E5D976ED3B3A}.Release|Any CPU.Build.0 = Release|Any CPU
		{90EB0EDF-6280-4BA3-A80B-D584603278A4}.Debug|Any CPU.ActiveCfg = Debug|Any CPU
		{90EB0EDF-6280-4BA3-A80B-D584603278A4}.Debug|Any CPU.Build.0 = Debug|Any CPU
		{90EB0EDF-6280-4BA3-A80B-D584603278A4}.Release|Any CPU.ActiveCfg = Release|Any CPU
		{90EB0EDF-6280-4BA3-A80B-D584603278A4}.Release|Any CPU.Build.0 = Release|Any CPU
		{1B7B10D9-C48F-4F99-B83B-39B55E8A1F53}.Debug|Any CPU.ActiveCfg = Debug|Any CPU
		{1B7B10D9-C48F-4F99-B83B-39B55E8A1F53}.Debug|Any CPU.Build.0 = Debug|Any CPU
		{1B7B10D9-C48F-4F99-B83B-39B55E8A1F53}.Release|Any CPU.ActiveCfg = Release|Any CPU
		{1B7B10D9-C48F-4F99-B83B-39B55E8A1F53}.Release|Any CPU.Build.0 = Release|Any CPU
		{8AC58444-0338-46F1-83DE-F258BA4A16E3}.Debug|Any CPU.ActiveCfg = Debug|Any CPU
		{8AC58444-0338-46F1-83DE-F258BA4A16E3}.Debug|Any CPU.Build.0 = Debug|Any CPU
		{8AC58444-0338-46F1-83DE-F258BA4A16E3}.Release|Any CPU.ActiveCfg = Release|Any CPU
		{8AC58444-0338-46F1-83DE-F258BA4A16E3}.Release|Any CPU.Build.0 = Release|Any CPU
	EndGlobalSection
	GlobalSection(SolutionProperties) = preSolution
		HideSolutionNode = FALSE
	EndGlobalSection
	GlobalSection(ExtensibilityGlobals) = postSolution
		SolutionGuid = {D932762B-1917-4884-8C96-D5E518446F75}
	EndGlobalSection
EndGlobal
